// !$*UTF8*$!
{
	archiveVersion = 1;
	classes = {
	};
	objectVersion = 46;
	objects = {

/* Begin PBXBuildFile section */
		B312FD0E1D59584A00C2249E /* AppDelegate.swift in Sources */ = {isa = PBXBuildFile; fileRef = B312FD0D1D59584A00C2249E /* AppDelegate.swift */; };
		B312FD121D59584A00C2249E /* GameScene.swift in Sources */ = {isa = PBXBuildFile; fileRef = B312FD111D59584A00C2249E /* GameScene.swift */; };
		B312FD141D59584A00C2249E /* GameViewController.swift in Sources */ = {isa = PBXBuildFile; fileRef = B312FD131D59584A00C2249E /* GameViewController.swift */; };
		B312FD171D59584A00C2249E /* Main.storyboard in Resources */ = {isa = PBXBuildFile; fileRef = B312FD151D59584A00C2249E /* Main.storyboard */; };
		B312FD1C1D59584A00C2249E /* LaunchScreen.storyboard in Resources */ = {isa = PBXBuildFile; fileRef = B312FD1A1D59584A00C2249E /* LaunchScreen.storyboard */; };
		B312FD271D59584A00C2249E /* CoreTests.swift in Sources */ = {isa = PBXBuildFile; fileRef = B312FD261D59584A00C2249E /* CoreTests.swift */; };
		B312FD321D59584A00C2249E /* CoreUITests.swift in Sources */ = {isa = PBXBuildFile; fileRef = B312FD311D59584A00C2249E /* CoreUITests.swift */; };
		B312FD401D59589200C2249E /* Levels.swift in Sources */ = {isa = PBXBuildFile; fileRef = B312FD3F1D59589200C2249E /* Levels.swift */; };
		B312FD421D595A2400C2249E /* Assets.xcassets in Resources */ = {isa = PBXBuildFile; fileRef = B312FD411D595A2400C2249E /* Assets.xcassets */; };
		B312FD471D595A3F00C2249E /* fromInside.caf in Resources */ = {isa = PBXBuildFile; fileRef = B312FD441D595A3F00C2249E /* fromInside.caf */; };
		B312FD481D595A3F00C2249E /* lockMe.caf in Resources */ = {isa = PBXBuildFile; fileRef = B312FD451D595A3F00C2249E /* lockMe.caf */; };
		B312FD491D595A3F00C2249E /* lockMeTwo.caf in Resources */ = {isa = PBXBuildFile; fileRef = B312FD461D595A3F00C2249E /* lockMeTwo.caf */; };
/* End PBXBuildFile section */

/* Begin PBXContainerItemProxy section */
		B312FD231D59584A00C2249E /* PBXContainerItemProxy */ = {
			isa = PBXContainerItemProxy;
			containerPortal = B312FD021D59584A00C2249E /* Project object */;
			proxyType = 1;
			remoteGlobalIDString = B312FD091D59584A00C2249E;
			remoteInfo = Core;
		};
		B312FD2E1D59584A00C2249E /* PBXContainerItemProxy */ = {
			isa = PBXContainerItemProxy;
			containerPortal = B312FD021D59584A00C2249E /* Project object */;
			proxyType = 1;
			remoteGlobalIDString = B312FD091D59584A00C2249E;
			remoteInfo = Core;
		};
/* End PBXContainerItemProxy section */

/* Begin PBXFileReference section */
		B312FD0A1D59584A00C2249E /* Core.app */ = {isa = PBXFileReference; explicitFileType = wrapper.application; includeInIndex = 0; path = Core.app; sourceTree = BUILT_PRODUCTS_DIR; };
		B312FD0D1D59584A00C2249E /* AppDelegate.swift */ = {isa = PBXFileReference; lastKnownFileType = sourcecode.swift; path = AppDelegate.swift; sourceTree = "<group>"; };
		B312FD111D59584A00C2249E /* GameScene.swift */ = {isa = PBXFileReference; lastKnownFileType = sourcecode.swift; path = GameScene.swift; sourceTree = "<group>"; };
		B312FD131D59584A00C2249E /* GameViewController.swift */ = {isa = PBXFileReference; lastKnownFileType = sourcecode.swift; path = GameViewController.swift; sourceTree = "<group>"; };
		B312FD161D59584A00C2249E /* Base */ = {isa = PBXFileReference; lastKnownFileType = file.storyboard; name = Base; path = Base.lproj/Main.storyboard; sourceTree = "<group>"; };
		B312FD1B1D59584A00C2249E /* Base */ = {isa = PBXFileReference; lastKnownFileType = file.storyboard; name = Base; path = Base.lproj/LaunchScreen.storyboard; sourceTree = "<group>"; };
		B312FD1D1D59584A00C2249E /* Info.plist */ = {isa = PBXFileReference; lastKnownFileType = text.plist.xml; path = Info.plist; sourceTree = "<group>"; };
		B312FD221D59584A00C2249E /* CoreTests.xctest */ = {isa = PBXFileReference; explicitFileType = wrapper.cfbundle; includeInIndex = 0; path = CoreTests.xctest; sourceTree = BUILT_PRODUCTS_DIR; };
		B312FD261D59584A00C2249E /* CoreTests.swift */ = {isa = PBXFileReference; lastKnownFileType = sourcecode.swift; path = CoreTests.swift; sourceTree = "<group>"; };
		B312FD281D59584A00C2249E /* Info.plist */ = {isa = PBXFileReference; lastKnownFileType = text.plist.xml; path = Info.plist; sourceTree = "<group>"; };
		B312FD2D1D59584A00C2249E /* CoreUITests.xctest */ = {isa = PBXFileReference; explicitFileType = wrapper.cfbundle; includeInIndex = 0; path = CoreUITests.xctest; sourceTree = BUILT_PRODUCTS_DIR; };
		B312FD311D59584A00C2249E /* CoreUITests.swift */ = {isa = PBXFileReference; lastKnownFileType = sourcecode.swift; path = CoreUITests.swift; sourceTree = "<group>"; };
		B312FD331D59584A00C2249E /* Info.plist */ = {isa = PBXFileReference; lastKnownFileType = text.plist.xml; path = Info.plist; sourceTree = "<group>"; };
		B312FD3F1D59589200C2249E /* Levels.swift */ = {isa = PBXFileReference; fileEncoding = 4; lastKnownFileType = sourcecode.swift; path = Levels.swift; sourceTree = "<group>"; };
		B312FD411D595A2400C2249E /* Assets.xcassets */ = {isa = PBXFileReference; lastKnownFileType = folder.assetcatalog; path = Assets.xcassets; sourceTree = "<group>"; };
		B312FD441D595A3F00C2249E /* fromInside.caf */ = {isa = PBXFileReference; lastKnownFileType = file; path = fromInside.caf; sourceTree = "<group>"; };
		B312FD451D595A3F00C2249E /* lockMe.caf */ = {isa = PBXFileReference; lastKnownFileType = file; path = lockMe.caf; sourceTree = "<group>"; };
		B312FD461D595A3F00C2249E /* lockMeTwo.caf */ = {isa = PBXFileReference; lastKnownFileType = file; path = lockMeTwo.caf; sourceTree = "<group>"; };
/* End PBXFileReference section */

/* Begin PBXFrameworksBuildPhase section */
		B312FD071D59584A00C2249E /* Frameworks */ = {
			isa = PBXFrameworksBuildPhase;
			buildActionMask = 2147483647;
			files = (
			);
			runOnlyForDeploymentPostprocessing = 0;
		};
		B312FD1F1D59584A00C2249E /* Frameworks */ = {
			isa = PBXFrameworksBuildPhase;
			buildActionMask = 2147483647;
			files = (
			);
			runOnlyForDeploymentPostprocessing = 0;
		};
		B312FD2A1D59584A00C2249E /* Frameworks */ = {
			isa = PBXFrameworksBuildPhase;
			buildActionMask = 2147483647;
			files = (
			);
			runOnlyForDeploymentPostprocessing = 0;
		};
/* End PBXFrameworksBuildPhase section */

/* Begin PBXGroup section */
		B312FD011D59584A00C2249E = {
			isa = PBXGroup;
			children = (
				B312FD0C1D59584A00C2249E /* Core */,
				B312FD251D59584A00C2249E /* CoreTests */,
				B312FD301D59584A00C2249E /* CoreUITests */,
				B312FD0B1D59584A00C2249E /* Products */,
			);
			sourceTree = "<group>";
		};
		B312FD0B1D59584A00C2249E /* Products */ = {
			isa = PBXGroup;
			children = (
				B312FD0A1D59584A00C2249E /* Core.app */,
				B312FD221D59584A00C2249E /* CoreTests.xctest */,
				B312FD2D1D59584A00C2249E /* CoreUITests.xctest */,
			);
			name = Products;
			sourceTree = "<group>";
		};
		B312FD0C1D59584A00C2249E /* Core */ = {
			isa = PBXGroup;
			children = (
				B312FD0D1D59584A00C2249E /* AppDelegate.swift */,
				B312FD111D59584A00C2249E /* GameScene.swift */,
				B312FD3F1D59589200C2249E /* Levels.swift */,
				B312FD131D59584A00C2249E /* GameViewController.swift */,
				B312FD411D595A2400C2249E /* Assets.xcassets */,
				B312FD431D595A3F00C2249E /* SFX */,
				B312FD151D59584A00C2249E /* Main.storyboard */,
				B312FD1A1D59584A00C2249E /* LaunchScreen.storyboard */,
				B312FD1D1D59584A00C2249E /* Info.plist */,
			);
			path = Core;
			sourceTree = "<group>";
		};
		B312FD251D59584A00C2249E /* CoreTests */ = {
			isa = PBXGroup;
			children = (
				B312FD261D59584A00C2249E /* CoreTests.swift */,
				B312FD281D59584A00C2249E /* Info.plist */,
			);
			path = CoreTests;
			sourceTree = "<group>";
		};
		B312FD301D59584A00C2249E /* CoreUITests */ = {
			isa = PBXGroup;
			children = (
				B312FD311D59584A00C2249E /* CoreUITests.swift */,
				B312FD331D59584A00C2249E /* Info.plist */,
			);
			path = CoreUITests;
			sourceTree = "<group>";
		};
		B312FD431D595A3F00C2249E /* SFX */ = {
			isa = PBXGroup;
			children = (
				B312FD441D595A3F00C2249E /* fromInside.caf */,
				B312FD451D595A3F00C2249E /* lockMe.caf */,
				B312FD461D595A3F00C2249E /* lockMeTwo.caf */,
			);
			path = SFX;
			sourceTree = "<group>";
		};
/* End PBXGroup section */

/* Begin PBXNativeTarget section */
		B312FD091D59584A00C2249E /* Core */ = {
			isa = PBXNativeTarget;
			buildConfigurationList = B312FD361D59584A00C2249E /* Build configuration list for PBXNativeTarget "Core" */;
			buildPhases = (
				B312FD061D59584A00C2249E /* Sources */,
				B312FD071D59584A00C2249E /* Frameworks */,
				B312FD081D59584A00C2249E /* Resources */,
			);
			buildRules = (
			);
			dependencies = (
			);
			name = Core;
			productName = Core;
			productReference = B312FD0A1D59584A00C2249E /* Core.app */;
			productType = "com.apple.product-type.application";
		};
		B312FD211D59584A00C2249E /* CoreTests */ = {
			isa = PBXNativeTarget;
			buildConfigurationList = B312FD391D59584A00C2249E /* Build configuration list for PBXNativeTarget "CoreTests" */;
			buildPhases = (
				B312FD1E1D59584A00C2249E /* Sources */,
				B312FD1F1D59584A00C2249E /* Frameworks */,
				B312FD201D59584A00C2249E /* Resources */,
			);
			buildRules = (
			);
			dependencies = (
				B312FD241D59584A00C2249E /* PBXTargetDependency */,
			);
			name = CoreTests;
			productName = CoreTests;
			productReference = B312FD221D59584A00C2249E /* CoreTests.xctest */;
			productType = "com.apple.product-type.bundle.unit-test";
		};
		B312FD2C1D59584A00C2249E /* CoreUITests */ = {
			isa = PBXNativeTarget;
			buildConfigurationList = B312FD3C1D59584A00C2249E /* Build configuration list for PBXNativeTarget "CoreUITests" */;
			buildPhases = (
				B312FD291D59584A00C2249E /* Sources */,
				B312FD2A1D59584A00C2249E /* Frameworks */,
				B312FD2B1D59584A00C2249E /* Resources */,
			);
			buildRules = (
			);
			dependencies = (
				B312FD2F1D59584A00C2249E /* PBXTargetDependency */,
			);
			name = CoreUITests;
			productName = CoreUITests;
			productReference = B312FD2D1D59584A00C2249E /* CoreUITests.xctest */;
			productType = "com.apple.product-type.bundle.ui-testing";
		};
/* End PBXNativeTarget section */

/* Begin PBXProject section */
		B312FD021D59584A00C2249E /* Project object */ = {
			isa = PBXProject;
			attributes = {
				LastSwiftUpdateCheck = 0730;
				LastUpgradeCheck = 0730;
				ORGANIZATIONNAME = "Kai Drayton-Yee";
				TargetAttributes = {
					B312FD091D59584A00C2249E = {
						CreatedOnToolsVersion = 7.3.1;
						DevelopmentTeam = DGU6G7XGQ9;
					};
					B312FD211D59584A00C2249E = {
						CreatedOnToolsVersion = 7.3.1;
						TestTargetID = B312FD091D59584A00C2249E;
					};
					B312FD2C1D59584A00C2249E = {
						CreatedOnToolsVersion = 7.3.1;
						TestTargetID = B312FD091D59584A00C2249E;
					};
				};
			};
			buildConfigurationList = B312FD051D59584A00C2249E /* Build configuration list for PBXProject "Core" */;
			compatibilityVersion = "Xcode 3.2";
			developmentRegion = English;
			hasScannedForEncodings = 0;
			knownRegions = (
				en,
				Base,
			);
			mainGroup = B312FD011D59584A00C2249E;
			productRefGroup = B312FD0B1D59584A00C2249E /* Products */;
			projectDirPath = "";
			projectRoot = "";
			targets = (
				B312FD091D59584A00C2249E /* Core */,
				B312FD211D59584A00C2249E /* CoreTests */,
				B312FD2C1D59584A00C2249E /* CoreUITests */,
			);
		};
/* End PBXProject section */

/* Begin PBXResourcesBuildPhase section */
		B312FD081D59584A00C2249E /* Resources */ = {
			isa = PBXResourcesBuildPhase;
			buildActionMask = 2147483647;
			files = (
				B312FD1C1D59584A00C2249E /* LaunchScreen.storyboard in Resources */,
				B312FD421D595A2400C2249E /* Assets.xcassets in Resources */,
				B312FD471D595A3F00C2249E /* fromInside.caf in Resources */,
				B312FD481D595A3F00C2249E /* lockMe.caf in Resources */,
				B312FD491D595A3F00C2249E /* lockMeTwo.caf in Resources */,
				B312FD171D59584A00C2249E /* Main.storyboard in Resources */,
			);
			runOnlyForDeploymentPostprocessing = 0;
		};
		B312FD201D59584A00C2249E /* Resources */ = {
			isa = PBXResourcesBuildPhase;
			buildActionMask = 2147483647;
			files = (
			);
			runOnlyForDeploymentPostprocessing = 0;
		};
		B312FD2B1D59584A00C2249E /* Resources */ = {
			isa = PBXResourcesBuildPhase;
			buildActionMask = 2147483647;
			files = (
			);
			runOnlyForDeploymentPostprocessing = 0;
		};
/* End PBXResourcesBuildPhase section */

/* Begin PBXSourcesBuildPhase section */
		B312FD061D59584A00C2249E /* Sources */ = {
			isa = PBXSourcesBuildPhase;
			buildActionMask = 2147483647;
			files = (
				B312FD121D59584A00C2249E /* GameScene.swift in Sources */,
				B312FD141D59584A00C2249E /* GameViewController.swift in Sources */,
				B312FD401D59589200C2249E /* Levels.swift in Sources */,
				B312FD0E1D59584A00C2249E /* AppDelegate.swift in Sources */,
			);
			runOnlyForDeploymentPostprocessing = 0;
		};
		B312FD1E1D59584A00C2249E /* Sources */ = {
			isa = PBXSourcesBuildPhase;
			buildActionMask = 2147483647;
			files = (
				B312FD271D59584A00C2249E /* CoreTests.swift in Sources */,
			);
			runOnlyForDeploymentPostprocessing = 0;
		};
		B312FD291D59584A00C2249E /* Sources */ = {
			isa = PBXSourcesBuildPhase;
			buildActionMask = 2147483647;
			files = (
				B312FD321D59584A00C2249E /* CoreUITests.swift in Sources */,
			);
			runOnlyForDeploymentPostprocessing = 0;
		};
/* End PBXSourcesBuildPhase section */

/* Begin PBXTargetDependency section */
		B312FD241D59584A00C2249E /* PBXTargetDependency */ = {
			isa = PBXTargetDependency;
			target = B312FD091D59584A00C2249E /* Core */;
			targetProxy = B312FD231D59584A00C2249E /* PBXContainerItemProxy */;
		};
		B312FD2F1D59584A00C2249E /* PBXTargetDependency */ = {
			isa = PBXTargetDependency;
			target = B312FD091D59584A00C2249E /* Core */;
			targetProxy = B312FD2E1D59584A00C2249E /* PBXContainerItemProxy */;
		};
/* End PBXTargetDependency section */

/* Begin PBXVariantGroup section */
		B312FD151D59584A00C2249E /* Main.storyboard */ = {
			isa = PBXVariantGroup;
			children = (
				B312FD161D59584A00C2249E /* Base */,
			);
			name = Main.storyboard;
			sourceTree = "<group>";
		};
		B312FD1A1D59584A00C2249E /* LaunchScreen.storyboard */ = {
			isa = PBXVariantGroup;
			children = (
				B312FD1B1D59584A00C2249E /* Base */,
			);
			name = LaunchScreen.storyboard;
			sourceTree = "<group>";
		};
/* End PBXVariantGroup section */

/* Begin XCBuildConfiguration section */
		B312FD341D59584A00C2249E /* Debug */ = {
			isa = XCBuildConfiguration;
			buildSettings = {
				ALWAYS_SEARCH_USER_PATHS = NO;
				CLANG_ANALYZER_NONNULL = YES;
				CLANG_CXX_LANGUAGE_STANDARD = "gnu++0x";
				CLANG_CXX_LIBRARY = "libc++";
				CLANG_ENABLE_MODULES = YES;
				CLANG_ENABLE_OBJC_ARC = YES;
				CLANG_WARN_BOOL_CONVERSION = YES;
				CLANG_WARN_CONSTANT_CONVERSION = YES;
				CLANG_WARN_DIRECT_OBJC_ISA_USAGE = YES_ERROR;
				CLANG_WARN_EMPTY_BODY = YES;
				CLANG_WARN_ENUM_CONVERSION = YES;
				CLANG_WARN_INT_CONVERSION = YES;
				CLANG_WARN_OBJC_ROOT_CLASS = YES_ERROR;
				CLANG_WARN_UNREACHABLE_CODE = YES;
				CLANG_WARN__DUPLICATE_METHOD_MATCH = YES;
				"CODE_SIGN_IDENTITY[sdk=iphoneos*]" = "iPhone Developer";
				COPY_PHASE_STRIP = NO;
				DEBUG_INFORMATION_FORMAT = "dwarf-with-dsym";
				ENABLE_STRICT_OBJC_MSGSEND = YES;
				ENABLE_TESTABILITY = YES;
				GCC_C_LANGUAGE_STANDARD = gnu99;
				GCC_DYNAMIC_NO_PIC = NO;
				GCC_NO_COMMON_BLOCKS = YES;
				GCC_OPTIMIZATION_LEVEL = 0;
				GCC_PREPROCESSOR_DEFINITIONS = (
					"DEBUG=1",
					"$(inherited)",
				);
				GCC_WARN_64_TO_32_BIT_CONVERSION = YES;
				GCC_WARN_ABOUT_RETURN_TYPE = YES_ERROR;
				GCC_WARN_UNDECLARED_SELECTOR = YES;
				GCC_WARN_UNINITIALIZED_AUTOS = YES_AGGRESSIVE;
				GCC_WARN_UNUSED_FUNCTION = YES;
				GCC_WARN_UNUSED_VARIABLE = YES;
				IPHONEOS_DEPLOYMENT_TARGET = 9.3;
				MTL_ENABLE_DEBUG_INFO = YES;
				ONLY_ACTIVE_ARCH = YES;
				SDKROOT = iphoneos;
				SWIFT_OPTIMIZATION_LEVEL = "-Onone";
				TARGETED_DEVICE_FAMILY = "1,2";
			};
			name = Debug;
		};
		B312FD351D59584A00C2249E /* Release */ = {
			isa = XCBuildConfiguration;
			buildSettings = {
				ALWAYS_SEARCH_USER_PATHS = NO;
				CLANG_ANALYZER_NONNULL = YES;
				CLANG_CXX_LANGUAGE_STANDARD = "gnu++0x";
				CLANG_CXX_LIBRARY = "libc++";
				CLANG_ENABLE_MODULES = YES;
				CLANG_ENABLE_OBJC_ARC = YES;
				CLANG_WARN_BOOL_CONVERSION = YES;
				CLANG_WARN_CONSTANT_CONVERSION = YES;
				CLANG_WARN_DIRECT_OBJC_ISA_USAGE = YES_ERROR;
				CLANG_WARN_EMPTY_BODY = YES;
				CLANG_WARN_ENUM_CONVERSION = YES;
				CLANG_WARN_INT_CONVERSION = YES;
				CLANG_WARN_OBJC_ROOT_CLASS = YES_ERROR;
				CLANG_WARN_UNREACHABLE_CODE = YES;
				CLANG_WARN__DUPLICATE_METHOD_MATCH = YES;
				"CODE_SIGN_IDENTITY[sdk=iphoneos*]" = "iPhone Developer";
				COPY_PHASE_STRIP = NO;
				DEBUG_INFORMATION_FORMAT = "dwarf-with-dsym";
				ENABLE_NS_ASSERTIONS = NO;
				ENABLE_STRICT_OBJC_MSGSEND = YES;
				GCC_C_LANGUAGE_STANDARD = gnu99;
				GCC_NO_COMMON_BLOCKS = YES;
				GCC_WARN_64_TO_32_BIT_CONVERSION = YES;
				GCC_WARN_ABOUT_RETURN_TYPE = YES_ERROR;
				GCC_WARN_UNDECLARED_SELECTOR = YES;
				GCC_WARN_UNINITIALIZED_AUTOS = YES_AGGRESSIVE;
				GCC_WARN_UNUSED_FUNCTION = YES;
				GCC_WARN_UNUSED_VARIABLE = YES;
				IPHONEOS_DEPLOYMENT_TARGET = 9.3;
				MTL_ENABLE_DEBUG_INFO = NO;
				SDKROOT = iphoneos;
				TARGETED_DEVICE_FAMILY = "1,2";
				VALIDATE_PRODUCT = YES;
			};
			name = Release;
		};
		B312FD371D59584A00C2249E /* Debug */ = {
			isa = XCBuildConfiguration;
			buildSettings = {
				ASSETCATALOG_COMPILER_APPICON_NAME = AppIcon;
				CODE_SIGN_IDENTITY = "iPhone Developer";
				"CODE_SIGN_IDENTITY[sdk=iphoneos*]" = "iPhone Developer";
				INFOPLIST_FILE = Core/Info.plist;
				LD_RUNPATH_SEARCH_PATHS = "$(inherited) @executable_path/Frameworks";
				PRODUCT_BUNDLE_IDENTIFIER = com.makeschool.Core;
				PRODUCT_NAME = "$(TARGET_NAME)";
				PROVISIONING_PROFILE = "";
			};
			name = Debug;
		};
		B312FD381D59584A00C2249E /* Release */ = {
			isa = XCBuildConfiguration;
			buildSettings = {
				ASSETCATALOG_COMPILER_APPICON_NAME = AppIcon;
				CODE_SIGN_IDENTITY = "iPhone Developer";
				"CODE_SIGN_IDENTITY[sdk=iphoneos*]" = "iPhone Developer";
				INFOPLIST_FILE = Core/Info.plist;
				LD_RUNPATH_SEARCH_PATHS = "$(inherited) @executable_path/Frameworks";
				PRODUCT_BUNDLE_IDENTIFIER = com.makeschool.Core;
				PRODUCT_NAME = "$(TARGET_NAME)";
				PROVISIONING_PROFILE = "";
			};
			name = Release;
		};
		B312FD3A1D59584A00C2249E /* Debug */ = {
			isa = XCBuildConfiguration;
			buildSettings = {
				BUNDLE_LOADER = "$(TEST_HOST)";
				DEBUG_INFORMATION_FORMAT = dwarf;
				INFOPLIST_FILE = CoreTests/Info.plist;
				LD_RUNPATH_SEARCH_PATHS = "$(inherited) @executable_path/Frameworks @loader_path/Frameworks";
				PRODUCT_BUNDLE_IDENTIFIER = com.makeschool.CoreTests;
				PRODUCT_NAME = "$(TARGET_NAME)";
				TEST_HOST = "$(BUILT_PRODUCTS_DIR)/Core.app/Core";
			};
			name = Debug;
		};
		B312FD3B1D59584A00C2249E /* Release */ = {
			isa = XCBuildConfiguration;
			buildSettings = {
				BUNDLE_LOADER = "$(TEST_HOST)";
				INFOPLIST_FILE = CoreTests/Info.plist;
				LD_RUNPATH_SEARCH_PATHS = "$(inherited) @executable_path/Frameworks @loader_path/Frameworks";
				PRODUCT_BUNDLE_IDENTIFIER = com.makeschool.CoreTests;
				PRODUCT_NAME = "$(TARGET_NAME)";
				TEST_HOST = "$(BUILT_PRODUCTS_DIR)/Core.app/Core";
			};
			name = Release;
		};
		B312FD3D1D59584A00C2249E /* Debug */ = {
			isa = XCBuildConfiguration;
			buildSettings = {
				DEBUG_INFORMATION_FORMAT = dwarf;
				INFOPLIST_FILE = CoreUITests/Info.plist;
				LD_RUNPATH_SEARCH_PATHS = "$(inherited) @executable_path/Frameworks @loader_path/Frameworks";
				PRODUCT_BUNDLE_IDENTIFIER = com.makeschool.CoreUITests;
				PRODUCT_NAME = "$(TARGET_NAME)";
				TEST_TARGET_NAME = Core;
			};
			name = Debug;
		};
		B312FD3E1D59584A00C2249E /* Release */ = {
			isa = XCBuildConfiguration;
			buildSettings = {
				INFOPLIST_FILE = CoreUITests/Info.plist;
				LD_RUNPATH_SEARCH_PATHS = "$(inherited) @executable_path/Frameworks @loader_path/Frameworks";
				PRODUCT_BUNDLE_IDENTIFIER = com.makeschool.CoreUITests;
				PRODUCT_NAME = "$(TARGET_NAME)";
				TEST_TARGET_NAME = Core;
			};
			name = Release;
		};
/* End XCBuildConfiguration section */

/* Begin XCConfigurationList section */
		B312FD051D59584A00C2249E /* Build configuration list for PBXProject "Core" */ = {
			isa = XCConfigurationList;
			buildConfigurations = (
				B312FD341D59584A00C2249E /* Debug */,
				B312FD351D59584A00C2249E /* Release */,
			);
			defaultConfigurationIsVisible = 0;
			defaultConfigurationName = Release;
		};
		B312FD361D59584A00C2249E /* Build configuration list for PBXNativeTarget "Core" */ = {
			isa = XCConfigurationList;
			buildConfigurations = (
				B312FD371D59584A00C2249E /* Debug */,
				B312FD381D59584A00C2249E /* Release */,
			);
			defaultConfigurationIsVisible = 0;
			defaultConfigurationName = Release;
		};
		B312FD391D59584A00C2249E /* Build configuration list for PBXNativeTarget "CoreTests" */ = {
			isa = XCConfigurationList;
			buildConfigurations = (
				B312FD3A1D59584A00C2249E /* Debug */,
				B312FD3B1D59584A00C2249E /* Release */,
			);
			defaultConfigurationIsVisible = 0;
			defaultConfigurationName = Release;
		};
		B312FD3C1D59584A00C2249E /* Build configuration list for PBXNativeTarget "CoreUITests" */ = {
			isa = XCConfigurationList;
			buildConfigurations = (
				B312FD3D1D59584A00C2249E /* Debug */,
				B312FD3E1D59584A00C2249E /* Release */,
			);
			defaultConfigurationIsVisible = 0;
			defaultConfigurationName = Release;
		};
/* End XCConfigurationList section */
	};
	rootObject = B312FD021D59584A00C2249E /* Project object */;
}
